
Microsoft Visual Studio Solution File, Format Version 12.00
# Visual Studio Version 17
VisualStudioVersion = 17.9.34723.18
MinimumVisualStudioVersion = 10.0.40219.1
Project("{9A19103F-16F7-4668-BE54-9A1E7A4F7556}") = "ZXingMauiTest", "ZXingMauiTest\ZXingMauiTest.csproj", "{3393CBF8-5792-456D-9980-EC3A9EEBF0CA}"
EndProject
Project("{9A19103F-16F7-4668-BE54-9A1E7A4F7556}") = "ZXing.Net.MAUI.Controls", "..\ZXing.Net.Maui.BAMinds\ZXing.Net.MAUI.Controls\ZXing.Net.MAUI.Controls.csproj", "{6566B5E4-8E8A-4F03-8798-AD0FA58BC414}"
EndProject
Project("{9A19103F-16F7-4668-BE54-9A1E7A4F7556}") = "ZXing.Net.MAUI", "..\ZXing.Net.Maui.BAMinds\ZXing.Net.MAUI\ZXing.Net.MAUI.csproj", "{DC0C31A6-48B5-4939-AA4D-80398E054423}"
EndProject
Global
	GlobalSection(SolutionConfigurationPlatforms) = preSolution
		Debug|Any CPU = Debug|Any CPU
		Release|Any CPU = Release|Any CPU
	EndGlobalSection
	GlobalSection(ProjectConfigurationPlatforms) = postSolution
		{3393CBF8-5792-456D-9980-EC3A9EEBF0CA}.Debug|Any CPU.ActiveCfg = Debug|Any CPU
		{3393CBF8-5792-456D-9980-EC3A9EEBF0CA}.Debug|Any CPU.Build.0 = Debug|Any CPU
		{3393CBF8-5792-456D-9980-EC3A9EEBF0CA}.Debug|Any CPU.Deploy.0 = Debug|Any CPU
		{3393CBF8-5792-456D-9980-EC3A9EEBF0CA}.Release|Any CPU.ActiveCfg = Release|Any CPU
		{3393CBF8-5792-456D-9980-EC3A9EEBF0CA}.Release|Any CPU.Build.0 = Release|Any CPU
		{3393CBF8-5792-456D-9980-EC3A9EEBF0CA}.Release|Any CPU.Deploy.0 = Release|Any CPU
		{6566B5E4-8E8A-4F03-8798-AD0FA58BC414}.Debug|Any CPU.ActiveCfg = Debug|Any CPU
		{6566B5E4-8E8A-4F03-8798-AD0FA58BC414}.Debug|Any CPU.Build.0 = Debug|Any CPU
		{6566B5E4-8E8A-4F03-8798-AD0FA58BC414}.Release|Any CPU.ActiveCfg = Release|Any CPU
		{6566B5E4-8E8A-4F03-8798-AD0FA58BC414}.Release|Any CPU.Build.0 = Release|Any CPU
		{DC0C31A6-48B5-4939-AA4D-80398E054423}.Debug|Any CPU.ActiveCfg = Debug|Any CPU
		{DC0C31A6-48B5-4939-AA4D-80398E054423}.Debug|Any CPU.Build.0 = Debug|Any CPU
		{DC0C31A6-48B5-4939-AA4D-80398E054423}.Release|Any CPU.ActiveCfg = Release|Any CPU
		{DC0C31A6-48B5-4939-AA4D-80398E054423}.Release|Any CPU.Build.0 = Release|Any CPU
	EndGlobalSection
	GlobalSection(SolutionProperties) = preSolution
		HideSolutionNode = FALSE
	EndGlobalSection
	GlobalSection(ExtensibilityGlobals) = postSolution
		SolutionGuid = {3E42E7C6-2EAE-494B-A3F4-9D0490587F8E}
	EndGlobalSection
EndGlobal
